# THIS IS AN AUTOGENERATED FILE. DO NOT EDIT THIS FILE DIRECTLY.
# yarn lockfile v1
"@algolia/cache-browser-local-storage@4.12.1":
  version "4.12.1"
  resolved "https://registry.yarnpkg.com/@algolia/cache-browser-local-storage/-/cache-browser-local-storage-4.12.1.tgz#23f4f219963b96918d0524acd09d4d646541d888"
  integrity sha512-ERFFOnC9740xAkuO0iZTQqm2AzU7Dpz/s+g7o48GlZgx5p9GgNcsuK5eS0GoW/tAK+fnKlizCtlFHNuIWuvfsg==
  dependencies:
    "@algolia/cache-common" "4.12.1"
"@algolia/cache-common@4.12.1":
  version "4.12.1"
  resolved "https://registry.yarnpkg.com/@algolia/cache-common/-/cache-common-4.12.1.tgz#d3f1676ca9c404adce0f78d68f6381bedb44cd9c"
  integrity sha512-UugTER3V40jT+e19Dmph5PKMeliYKxycNPwrPNADin0RcWNfT2QksK9Ff2N2W7UKraqMOzoeDb4LAJtxcK1a8Q==
"@algolia/cache-in-memory@4.12.1":
  version "4.12.1"
  resolved "https://registry.yarnpkg.com/@algolia/cache-in-memory/-/cache-in-memory-4.12.1.tgz#0ef6aac2f8feab5b46fc130beb682bbd21b55244"
  integrity sha512-U6iaunaxK1lHsAf02UWF58foKFEcrVLsHwN56UkCtwn32nlP9rz52WOcHsgk6TJrL8NDcO5swMjtOQ5XHESFLw==
  dependencies:
    "@algolia/cache-common" "4.12.1"
"@algolia/client-account@4.12.1":
  version "4.12.1"
  resolved "https://registry.yarnpkg.com/@algolia/client-account/-/client-account-4.12.1.tgz#e838c9283db2fab32a425dd13c77da321d48fd8b"
  integrity sha512-jGo4ConJNoMdTCR2zouO0jO/JcJmzOK6crFxMMLvdnB1JhmMbuIKluOTJVlBWeivnmcsqb7r0v7qTCPW5PAyxQ==
  dependencies:
    "@algolia/client-common" "4.12.1"
    "@algolia/client-search" "4.12.1"
    "@algolia/transporter" "4.12.1"
"@algolia/client-analytics@4.12.1":
  version "4.12.1"
  resolved "https://registry.yarnpkg.com/@algolia/client-analytics/-/client-analytics-4.12.1.tgz#2976d658655a1590cf84cfb596aa75a204f6dec4"
  integrity sha512-h1It7KXzIthlhuhfBk7LteYq72tym9maQDUsyRW0Gft8b6ZQahnRak9gcCvKwhcJ1vJoP7T7JrNYGiYSicTD9g==
  dependencies:
    "@algolia/client-common" "4.12.1"
    "@algolia/client-search" "4.12.1"
    "@algolia/requester-common" "4.12.1"
    "@algolia/transporter" "4.12.1"
"@algolia/client-common@4.12.1":
  version "4.12.1"
  resolved "https://registry.yarnpkg.com/@algolia/client-common/-/client-common-4.12.1.tgz#104ccefe96bda3ff926bc70c31ff6d17c41b6107"
  integrity sha512-obnJ8eSbv+h94Grk83DTGQ3bqhViSWureV6oK1s21/KMGWbb3DkduHm+lcwFrMFkjSUSzosLBHV9EQUIBvueTw==
  dependencies:
    "@algolia/requester-common" "4.12.1"
    "@algolia/transporter" "4.12.1"
"@algolia/client-personalization@4.12.1":
  version "4.12.1"
  resolved "https://registry.yarnpkg.com/@algolia/client-personalization/-/client-personalization-4.12.1.tgz#f63d1890f95de850e1c8e41c1d57adda521d9e7f"
  integrity sha512-sMSnjjPjRgByGHYygV+5L/E8a6RgU7l2GbpJukSzJ9GRY37tHmBHuvahv8JjdCGJ2p7QDYLnQy5bN5Z02qjc7Q==
  dependencies:
    "@algolia/client-common" "4.12.1"
    "@algolia/requester-common" "4.12.1"
    "@algolia/transporter" "4.12.1"
"@algolia/client-search@4.12.1":
  version "4.12.1"
  resolved "https://registry.yarnpkg.com/@algolia/client-search/-/client-search-4.12.1.tgz#fcd7a974be5d39d5c336d7f2e89577ffa66aefdd"
  integrity sha512-MwwKKprfY6X2nJ5Ki/ccXM2GDEePvVjZnnoOB2io3dLKW4fTqeSRlC5DRXeFD7UM0vOPPHr4ItV2aj19APKNVQ==
  dependencies:
    "@algolia/client-common" "4.12.1"
    "@algolia/requester-common" "4.12.1"
    "@algolia/transporter" "4.12.1"
"@algolia/logger-common@4.12.1":
  version "4.12.1"
  resolved "https://registry.yarnpkg.com/@algolia/logger-common/-/logger-common-4.12.1.tgz#d6501b4d9d242956257ba8e10f6b4bbf6863baa4"
  integrity sha512-fCgrzlXGATNqdFTxwx0GsyPXK+Uqrx1SZ3iuY2VGPPqdt1a20clAG2n2OcLHJpvaa6vMFPlJyWvbqAgzxdxBlQ==
"@algolia/logger-console@4.12.1":
  version "4.12.1"
  resolved "https://registry.yarnpkg.com/@algolia/logger-console/-/logger-console-4.12.1.tgz#841edd39dd5c5530a69fc66084bfee3254dd0807"
  integrity sha512-0owaEnq/davngQMYqxLA4KrhWHiXujQ1CU3FFnyUcMyBR7rGHI48zSOUpqnsAXrMBdSH6rH5BDkSUUFwsh8RkQ==
  dependencies:
    "@algolia/logger-common" "4.12.1"
"@algolia/requester-browser-xhr@4.12.1":
  version "4.12.1"
  resolved "https://registry.yarnpkg.com/@algolia/requester-browser-xhr/-/requester-browser-xhr-4.12.1.tgz#2d0c18ee188d7cae0e4a930e5e89989e3c4a816b"
  integrity sha512-OaMxDyG0TZG0oqz1lQh9e3woantAG1bLnuwq3fmypsrQxra4IQZiyn1x+kEb69D2TcXApI5gOgrD4oWhtEVMtw==
  dependencies:
    "@algolia/requester-common" "4.12.1"
"@algolia/requester-common@4.12.1":
  version "4.12.1"
  resolved "https://registry.yarnpkg.com/@algolia/requester-common/-/requester-common-4.12.1.tgz#95bb6539da7199da3e205341cea8f27267f7af29"
  integrity sha512-XWIrWQNJ1vIrSuL/bUk3ZwNMNxl+aWz6dNboRW6+lGTcMIwc3NBFE90ogbZKhNrFRff8zI4qCF15tjW+Fyhpow==
"@algolia/requester-node-http@4.12.1":
  version "4.12.1"
  resolved "https://registry.yarnpkg.com/@algolia/requester-node-http/-/requester-node-http-4.12.1.tgz#c9df97ff1daa7e58c5c2b1f28cf7163005edccb0"
  integrity sha512-awBtwaD+s0hxkA1aehYn8F0t9wqGoBVWgY4JPHBmp1ChO3pK7RKnnvnv7QQa9vTlllX29oPt/BBVgMo1Z3n1Qg==
  dependencies:
    "@algolia/requester-common" "4.12.1"
"@algolia/transporter@4.12.1":
  version "4.12.1"
  resolved "https://registry.yarnpkg.com/@algolia/transporter/-/transporter-4.12.1.tgz#61b9829916c474f42e2d4a6eada0d6c138379945"
  integrity sha512-BGeNgdEHc6dXIk2g8kdlOoQ6fQ6OIaKQcplEj7HPoi+XZUeAvRi3Pff3QWd7YmybWkjzd9AnTzieTASDWhL+sQ==
  dependencies:
    "@algolia/cache-common" "4.12.1"
    "@algolia/logger-common" "4.12.1"
    "@algolia/requester-common" "4.12.1"
"@ant-design/colors@^6.0.0":
  version "6.0.0"
  resolved "https://registry.npmjs.org/@ant-design/colors/-/colors-6.0.0.tgz"
  integrity sha512-qAZRvPzfdWHtfameEGP2Qvuf838NhergR35o+EuVyB5XvSA98xod5r4utvi4TJ3ywmevm290g9nsCG5MryrdWQ==
  dependencies:
    "@ctrl/tinycolor" "^3.4.0"
"@ant-design/icons-svg@^4.2.1":
  version "4.2.1"
  resolved "https://registry.npmjs.org/@ant-design/icons-svg/-/icons-svg-4.2.1.tgz"
  integrity sha512-EB0iwlKDGpG93hW8f85CTJTs4SvMX7tt5ceupvhALp1IF44SeUFOMhKUOYqpsoYWQKAOuTRDMqn75rEaKDp0Xw==
"@ant-design/icons@^4.7.0":
  version "4.7.0"
  resolved "https://registry.npmjs.org/@ant-design/icons/-/icons-4.7.0.tgz"
  integrity sha512-aoB4Z7JA431rt6d4u+8xcNPPCrdufSRMUOpxa1ab6mz1JCQZOEVolj2WVs/tDFmN62zzK30mNelEsprLYsSF3g==
  dependencies:
    "@ant-design/colors" "^6.0.0"
    "@ant-design/icons-svg" "^4.2.1"
    "@babel/runtime" "^7.11.2"
    classnames "^2.2.6"
    rc-util "^5.9.4"
"@ant-design/react-slick@~0.28.1":
  version "0.28.4"
  resolved "https://registry.yarnpkg.com/@ant-design/react-slick/-/react-slick-0.28.4.tgz#8b296b87ad7c7ae877f2a527b81b7eebd9dd29a9"
  integrity sha512-j9eAHTn7GxbXUFNknJoHS2ceAsqrQi2j8XykjZE1IXCD8kJF+t28EvhBLniDpbOsBk/3kjalnhriTfZcjBHNqg==
  dependencies:
    "@babel/runtime" "^7.10.4"
    classnames "^2.2.5"
    json2mq "^0.2.0"
    lodash "^4.17.21"
    resize-observer-polyfill "^1.5.0"
"@babel/code-frame@7.12.11":
  version "7.12.11"
  resolved "https://registry.npmjs.org/@babel/code-frame/-/code-frame-7.12.11.tgz"
  integrity sha512-Zt1yodBx1UcyiePMSkWnU4hPqhwq7hGi2nFL1LeA3EUl+q2LQx16MISgJ0+z7dnmgvP9QtIleuETGOiOH1RcIw==
  dependencies:
    "@babel/highlight" "^7.10.4"
"@babel/code-frame@^7.0.0", "@babel/code-frame@^7.14.5":
  version "7.14.5"
  resolved "https://registry.npmjs.org/@babel/code-frame/-/code-frame-7.14.5.tgz"
  integrity sha512-9pzDqyc6OLDaqe+zbACgFkb6fKMNG6CObKpnYXChRsvYGyEdc7CA2BaqeOM+vOtCS5ndmJicPJhKAwYRI6UfFw==
  dependencies:
    "@babel/highlight" "^7.14.5"
"@babel/compat-data@^7.15.0":
  version "7.15.0"
  resolved "https://registry.npmjs.org/@babel/compat-data/-/compat-data-7.15.0.tgz"
  integrity sha512-0NqAC1IJE0S0+lL1SWFMxMkz1pKCNCjI4tr2Zx4LJSXxCLAdr6KyArnY+sno5m3yH9g737ygOyPABDsnXkpxiA==
"@babel/core@^7.14.3":
  version "7.15.5"
  resolved "https://registry.npmjs.org/@babel/core/-/core-7.15.5.tgz"
  integrity sha512-pYgXxiwAgQpgM1bNkZsDEq85f0ggXMA5L7c+o3tskGMh2BunCI9QUwB9Z4jpvXUOuMdyGKiGKQiRe11VS6Jzvg==
  dependencies:
    "@babel/code-frame" "^7.14.5"
    "@babel/generator" "^7.15.4"
    "@babel/helper-compilation-targets" "^7.15.4"
    "@babel/helper-module-transforms" "^7.15.4"
    "@babel/helpers" "^7.15.4"
    "@babel/parser" "^7.15.5"
    "@babel/template" "^7.15.4"
    "@babel/traverse" "^7.15.4"
    "@babel/types" "^7.15.4"
    convert-source-map "^1.7.0"
    debug "^4.1.0"
    gensync "^1.0.0-beta.2"
    json5 "^2.1.2"
    semver "^6.3.0"
    source-map "^0.5.0"
"@babel/eslint-parser@^7.14.3":
  version "7.15.4"
  resolved "https://registry.npmjs.org/@babel/eslint-parser/-/eslint-parser-7.15.4.tgz"
  integrity sha512-hPMIAmGNbmQzXJIo2P43Zj9UhRmGev5f9nqdBFOWNGDGh6XKmjby79woBvg6y0Jur6yRfQBneDbUQ8ZVc1krFw==
  dependencies:
    eslint-scope "^5.1.1"
    eslint-visitor-keys "^2.1.0"
    semver "^6.3.0"
"@babel/generator@^7.15.4":
  version "7.15.4"
  resolved "https://registry.npmjs.org/@babel/generator/-/generator-7.15.4.tgz"
  integrity sha512-d3itta0tu+UayjEORPNz6e1T3FtvWlP5N4V5M+lhp/CxT4oAA7/NcScnpRyspUMLK6tu9MNHmQHxRykuN2R7hw==
  dependencies:
    "@babel/types" "^7.15.4"
    jsesc "^2.5.1"
    source-map "^0.5.0"
"@babel/helper-annotate-as-pure@^7.0.0":
  version "7.15.4"
  resolved "https://registry.npmjs.org/@babel/helper-annotate-as-pure/-/helper-annotate-as-pure-7.15.4.tgz"
  integrity sha512-QwrtdNvUNsPCj2lfNQacsGSQvGX8ee1ttrBrcozUP2Sv/jylewBP/8QFe6ZkBsC8T/GYWonNAWJV4aRR9AL2DA==
  dependencies:
    "@babel/types" "^7.15.4"
"@babel/helper-compilation-targets@^7.15.4":
  version "7.15.4"
  resolved "https://registry.npmjs.org/@babel/helper-compilation-targets/-/helper-compilation-targets-7.15.4.tgz"
  integrity sha512-rMWPCirulnPSe4d+gwdWXLfAXTTBj8M3guAf5xFQJ0nvFY7tfNAFnWdqaHegHlgDZOCT4qvhF3BYlSJag8yhqQ==
  dependencies:
    "@babel/compat-data" "^7.15.0"
    "@babel/helper-validator-option" "^7.14.5"
    browserslist "^4.16.6"
    semver "^6.3.0"
"@babel/helper-function-name@^7.15.4":
  version "7.15.4"
  resolved "https://registry.npmjs.org/@babel/helper-function-name/-/helper-function-name-7.15.4.tgz"
  integrity sha512-Z91cOMM4DseLIGOnog+Z8OI6YseR9bua+HpvLAQ2XayUGU+neTtX+97caALaLdyu53I/fjhbeCnWnRH1O3jFOw==
  dependencies:
    "@babel/helper-get-function-arity" "^7.15.4"
    "@babel/template" "^7.15.4"
    "@babel/types" "^7.15.4"
"@babel/helper-get-function-arity@^7.15.4":
  version "7.15.4"
  resolved "https://registry.npmjs.org/@babel/helper-get-function-arity/-/helper-get-function-arity-7.15.4.tgz"
  integrity sha5...